
Microsoft Visual Studio Solution File, Format Version 12.00
# Visual Studio 15
VisualStudioVersion = 15.0.27004.2002
MinimumVisualStudioVersion = 10.0.40219.1
Project("{888888A0-9F3D-457C-B088-3A5042F75D52}") = "ProfanityChecker", "ProfanityChecker\ProfanityChecker.pyproj", "{5781E60C-7FCD-4ECD-AF63-6D9F5E303DCC}"
EndProject
Global
	GlobalSection(SolutionConfigurationPlatforms) = preSolution
		Debug|Any CPU = Debug|Any CPU
		Release|Any CPU = Release|Any CPU
	EndGlobalSection
	GlobalSection(ProjectConfigurationPlatforms) = postSolution
		{5781E60C-7FCD-4ECD-AF63-6D9F5E303DCC}.Debug|Any CPU.ActiveCfg = Debug|Any CPU
		{5781E60C-7FCD-4ECD-AF63-6D9F5E303DCC}.Release|Any CPU.ActiveCfg = Release|Any CPU
	EndGlobalSection
	GlobalSection(SolutionProperties) = preSolution
		HideSolutionNode = FALSE
	EndGlobalSection
	GlobalSection(ExtensibilityGlobals) = postSolution
		SolutionGuid = {DB43B46D-A942-4505-B727-3C420B4B12C7}
	EndGlobalSection
EndGlobal
